{
    "_readme": [
        "This file locks the dependencies of your project to a known state",
        "Read more about it at https://getcomposer.org/doc/01-basic-usage.md#composer-lock-the-lock-file",
        "This file is @generated automatically"
    ],
    "content-hash": "613fae1d719ffa4629d04fddf638843b",
    "packages": [
        {
            "name": "parse/php-sdk",
            "version": "1.2.10",
            "source": {
                "type": "git",
                "url": "https://github.com/parse-community/parse-php-sdk.git",
                "reference": "86b32ee537c57b317eb29d76665c8b4ad6db03a8"
            },
            "dist": {
                "type": "zip",
                "url": "https://api.github.com/repos/parse-community/parse-php-sdk/zipball/86b32ee537c57b317eb29d76665c8b4ad6db03a8",
                "reference": "86b32ee537c57b317eb29d76665c8b4ad6db03a8",
                "shasum": ""
            },
            "require": {
                "ext-curl": "*",
                "ext-json": "*",
                "php": ">=5.4.0"
            },
            "require-dev": {
                "jms/serializer": "1.7.1",
                "phpdocumentor/phpdocumentor": "~2.9",
                "phpunit/phpunit": "~4.0",
                "squizlabs/php_codesniffer": "^3.0.1"
            },
            "type": "library",
            "autoload": {
                "psr-4": {
                    "Parse\\": "src/Parse/"
                }
            },
            "notification-url": "https://packagist.org/downloads/",
            "license": [
                "Parse Platform License"
            ],
            "authors": [
                {
                    "name": "Parse",
                    "homepage": "https://github.com/parse-community/parse-php-sdk/graphs/contributors"
                }
            ],
            "description": "Parse PHP SDK",
            "homepage": "https://github.com/parse-community/parse-php-sdk",
            "keywords": [
                "parse",
                "sdk"
            ],
            "time": "2017-07-13T00:12:18+00:00"
        }
    ],
    "packages-dev": [],
    "aliases": [],
    "minimum-stability": "stable",
    "stability-flags": [],
    "prefer-stable": false,
    "prefer-lowest": false,
    "platform": [],
    "platform-dev": []
}
